
Microsoft Visual Studio Solution File, Format Version 12.00
Project("{FAE04EC0-301F-11D3-BF4B-00C04F79EFBC}") = "api", "api\api.csproj", "{DF685447-B215-431F-B02E-85700F0C16FE}"
EndProject
Project("{FAE04EC0-301F-11D3-BF4B-00C04F79EFBC}") = "blazor", "blazor\blazor.csproj", "{D039C56D-A110-4F10-B605-3055D18B5C08}"
EndProject
Global
	GlobalSection(SolutionConfigurationPlatforms) = preSolution
		Debug|Any CPU = Debug|Any CPU
		Release|Any CPU = Release|Any CPU
	EndGlobalSection
	GlobalSection(ProjectConfigurationPlatforms) = postSolution
		{DF685447-B215-431F-B02E-85700F0C16FE}.Debug|Any CPU.ActiveCfg = Debug|Any CPU
		{DF685447-B215-431F-B02E-85700F0C16FE}.Debug|Any CPU.Build.0 = Debug|Any CPU
		{DF685447-B215-431F-B02E-85700F0C16FE}.Release|Any CPU.ActiveCfg = Release|Any CPU
		{DF685447-B215-431F-B02E-85700F0C16FE}.Release|Any CPU.Build.0 = Release|Any CPU
		{D039C56D-A110-4F10-B605-3055D18B5C08}.Debug|Any CPU.ActiveCfg = Debug|Any CPU
		{D039C56D-A110-4F10-B605-3055D18B5C08}.Debug|Any CPU.Build.0 = Debug|Any CPU
		{D039C56D-A110-4F10-B605-3055D18B5C08}.Release|Any CPU.ActiveCfg = Release|Any CPU
		{D039C56D-A110-4F10-B605-3055D18B5C08}.Release|Any CPU.Build.0 = Release|Any CPU
	EndGlobalSection
EndGlobal
